
Microsoft Visual Studio Solution File, Format Version 12.00
# Visual Studio Version 17
VisualStudioVersion = 17.10.34928.147
MinimumVisualStudioVersion = 10.0.40219.1
Project("{9A19103F-16F7-4668-BE54-9A1E7A4F7556}") = "VertMarketsChallenge", "VertmarketsChallenge\VertMarketsChallenge.csproj", "{6996BE29-464C-4FBE-85B5-C41E0067B94D}"
EndProject
Project("{9A19103F-16F7-4668-BE54-9A1E7A4F7556}") = "VertMarketsServices", "VertmarketsServices\VertMarketsServices.csproj", "{CF68ABEC-5538-4CAB-931F-13447E582DC7}"
EndProject
Global
	GlobalSection(SolutionConfigurationPlatforms) = preSolution
		Debug|Any CPU = Debug|Any CPU
		Release|Any CPU = Release|Any CPU
	EndGlobalSection
	GlobalSection(ProjectConfigurationPlatforms) = postSolution
		{6996BE29-464C-4FBE-85B5-C41E0067B94D}.Debug|Any CPU.ActiveCfg = Debug|Any CPU
		{6996BE29-464C-4FBE-85B5-C41E0067B94D}.Debug|Any CPU.Build.0 = Debug|Any CPU
		{6996BE29-464C-4FBE-85B5-C41E0067B94D}.Release|Any CPU.ActiveCfg = Release|Any CPU
		{6996BE29-464C-4FBE-85B5-C41E0067B94D}.Release|Any CPU.Build.0 = Release|Any CPU
		{CF68ABEC-5538-4CAB-931F-13447E582DC7}.Debug|Any CPU.ActiveCfg = Debug|Any CPU
		{CF68ABEC-5538-4CAB-931F-13447E582DC7}.Debug|Any CPU.Build.0 = Debug|Any CPU
		{CF68ABEC-5538-4CAB-931F-13447E582DC7}.Release|Any CPU.ActiveCfg = Release|Any CPU
		{CF68ABEC-5538-4CAB-931F-13447E582DC7}.Release|Any CPU.Build.0 = Release|Any CPU
	EndGlobalSection
	GlobalSection(SolutionProperties) = preSolution
		HideSolutionNode = FALSE
	EndGlobalSection
	GlobalSection(ExtensibilityGlobals) = postSolution
		SolutionGuid = {E4746765-5E3D-4D82-ACCE-E09BB78CB121}
	EndGlobalSection
EndGlobal
